
Microsoft Visual Studio Solution File, Format Version 12.00
# Visual Studio Version 17
VisualStudioVersion = 17.6.33712.159
MinimumVisualStudioVersion = 10.0.40219.1
Project("{9A19103F-16F7-4668-BE54-9A1E7A4F7556}") = "Apitest2", "Apitest2\Apitest2.csproj", "{C760046D-54EE-4894-BE80-B0C1AD2B707E}"
EndProject
Project("{FAE04EC0-301F-11D3-BF4B-00C04F79EFBC}") = "Services", "Services\Services.csproj", "{5968EFD2-E9E6-4A69-BCCD-718516E2C1F3}"
EndProject
Global
	GlobalSection(SolutionConfigurationPlatforms) = preSolution
		Debug|Any CPU = Debug|Any CPU
		Release|Any CPU = Release|Any CPU
	EndGlobalSection
	GlobalSection(ProjectConfigurationPlatforms) = postSolution
		{C760046D-54EE-4894-BE80-B0C1AD2B707E}.Debug|Any CPU.ActiveCfg = Debug|Any CPU
		{C760046D-54EE-4894-BE80-B0C1AD2B707E}.Debug|Any CPU.Build.0 = Debug|Any CPU
		{C760046D-54EE-4894-BE80-B0C1AD2B707E}.Release|Any CPU.ActiveCfg = Release|Any CPU
		{C760046D-54EE-4894-BE80-B0C1AD2B707E}.Release|Any CPU.Build.0 = Release|Any CPU
		{5968EFD2-E9E6-4A69-BCCD-718516E2C1F3}.Debug|Any CPU.ActiveCfg = Debug|Any CPU
		{5968EFD2-E9E6-4A69-BCCD-718516E2C1F3}.Debug|Any CPU.Build.0 = Debug|Any CPU
		{5968EFD2-E9E6-4A69-BCCD-718516E2C1F3}.Release|Any CPU.ActiveCfg = Release|Any CPU
		{5968EFD2-E9E6-4A69-BCCD-718516E2C1F3}.Release|Any CPU.Build.0 = Release|Any CPU
	EndGlobalSection
	GlobalSection(SolutionProperties) = preSolution
		HideSolutionNode = FALSE
	EndGlobalSection
	GlobalSection(ExtensibilityGlobals) = postSolution
		SolutionGuid = {0B44F80D-E02F-4814-B7CD-A078D4B86371}
	EndGlobalSection
EndGlobal
